Microsoft Visual Studio Solution File, Format Version 12.00
# Visual Studio Version 17
VisualStudioVersion = 17.13.35931.197
MinimumVisualStudioVersion = 10.0.40219.1
Project("{FAE04EC0-301F-11D3-BF4B-00C04F79EFBC}") = "FinanceApplicationDesign", "FinanceApplicationDesign.csproj", "{3D8AC6A3-73AE-419D-9133-2197F5A0C2FB}"
EndProject
Global
	GlobalSection(SolutionConfigurationPlatforms) = preSolution
		Debug|Any CPU = Debug|Any CPU
		Release|Any CPU = Release|Any CPU
	EndGlobalSection
	GlobalSection(ProjectConfigurationPlatforms) = postSolution
		{3D8AC6A3-73AE-419D-9133-2197F5A0C2FB}.Debug|Any CPU.ActiveCfg = Debug|Any CPU
		{3D8AC6A3-73AE-419D-9133-2197F5A0C2FB}.Debug|Any CPU.Build.0 = Debug|Any CPU
		{3D8AC6A3-73AE-419D-9133-2197F5A0C2FB}.Release|Any CPU.ActiveCfg = Release|Any CPU
		{3D8AC6A3-73AE-419D-9133-2197F5A0C2FB}.Release|Any CPU.Build.0 = Release|Any CPU
	EndGlobalSection
	GlobalSection(SolutionProperties) = preSolution
		HideSolutionNode = FALSE
	EndGlobalSection
	GlobalSection(ExtensibilityGlobals) = postSolution
		SolutionGuid = {1A57FF5F-C0E8-4F31-9C7E-1BC135E0BD88}
	EndGlobalSection
EndGlobal
